
Microsoft Visual Studio Solution File, Format Version 12.00
# Visual Studio Version 16
VisualStudioVersion = 16.0.31605.320
MinimumVisualStudioVersion = 10.0.40219.1
Project("{9A19103F-16F7-4668-BE54-9A1E7A4F7556}") = "FastFirebase", "FastFirebase\FastFirebase.csproj", "{7A1FADAA-52CD-433B-BF95-D0890BFB662E}"
EndProject
Project("{9A19103F-16F7-4668-BE54-9A1E7A4F7556}") = "FastFirebase.Example.Console", "FastFirebase.Example.Console\FastFirebase.Example.Console.csproj", "{52E4792D-99EE-44E4-8DBE-124A5FEF30DE}"
EndProject
Project("{FAE04EC0-301F-11D3-BF4B-00C04F79EFBC}") = "FastFirebase.Example.MvcCore", "FastFirebase.Example.MvcCore\FastFirebase.Example.MvcCore.csproj", "{DC953DF5-BAB9-4EB4-AD46-8025F94F4D01}"
EndProject
Global
	GlobalSection(SolutionConfigurationPlatforms) = preSolution
		Debug|Any CPU = Debug|Any CPU
		Release|Any CPU = Release|Any CPU
	EndGlobalSection
	GlobalSection(ProjectConfigurationPlatforms) = postSolution
		{7A1FADAA-52CD-433B-BF95-D0890BFB662E}.Debug|Any CPU.ActiveCfg = Debug|Any CPU
		{7A1FADAA-52CD-433B-BF95-D0890BFB662E}.Debug|Any CPU.Build.0 = Debug|Any CPU
		{7A1FADAA-52CD-433B-BF95-D0890BFB662E}.Release|Any CPU.ActiveCfg = Release|Any CPU
		{7A1FADAA-52CD-433B-BF95-D0890BFB662E}.Release|Any CPU.Build.0 = Release|Any CPU
		{52E4792D-99EE-44E4-8DBE-124A5FEF30DE}.Debug|Any CPU.ActiveCfg = Debug|Any CPU
		{52E4792D-99EE-44E4-8DBE-124A5FEF30DE}.Debug|Any CPU.Build.0 = Debug|Any CPU
		{52E4792D-99EE-44E4-8DBE-124A5FEF30DE}.Release|Any CPU.ActiveCfg = Release|Any CPU
		{52E4792D-99EE-44E4-8DBE-124A5FEF30DE}.Release|Any CPU.Build.0 = Release|Any CPU
		{DC953DF5-BAB9-4EB4-AD46-8025F94F4D01}.Debug|Any CPU.ActiveCfg = Debug|Any CPU
		{DC953DF5-BAB9-4EB4-AD46-8025F94F4D01}.Debug|Any CPU.Build.0 = Debug|Any CPU
		{DC953DF5-BAB9-4EB4-AD46-8025F94F4D01}.Release|Any CPU.ActiveCfg = Release|Any CPU
		{DC953DF5-BAB9-4EB4-AD46-8025F94F4D01}.Release|Any CPU.Build.0 = Release|Any CPU
	EndGlobalSection
	GlobalSection(SolutionProperties) = preSolution
		HideSolutionNode = FALSE
	EndGlobalSection
	GlobalSection(ExtensibilityGlobals) = postSolution
		SolutionGuid = {7A41827E-882B-4391-B548-2C55250025FC}
	EndGlobalSection
EndGlobal
